
Microsoft Visual Studio Solution File, Format Version 12.00
# Visual Studio Version 16
VisualStudioVersion = 16.0.29209.62
MinimumVisualStudioVersion = 10.0.40219.1
Project("{FAE04EC0-301F-11D3-BF4B-00C04F79EFBC}") = "WebApplication1", "WebApplication1.csproj", "{CC005EB9-5CDC-4745-AAC7-83C69E50D6BD}"
EndProject
Global
	GlobalSection(SolutionConfigurationPlatforms) = preSolution
		Debug|Any CPU = Debug|Any CPU
		Release|Any CPU = Release|Any CPU
	EndGlobalSection
	GlobalSection(ProjectConfigurationPlatforms) = postSolution
		{CC005EB9-5CDC-4745-AAC7-83C69E50D6BD}.Debug|Any CPU.ActiveCfg = Debug|Any CPU
		{CC005EB9-5CDC-4745-AAC7-83C69E50D6BD}.Debug|Any CPU.Build.0 = Debug|Any CPU
		{CC005EB9-5CDC-4745-AAC7-83C69E50D6BD}.Release|Any CPU.ActiveCfg = Release|Any CPU
		{CC005EB9-5CDC-4745-AAC7-83C69E50D6BD}.Release|Any CPU.Build.0 = Release|Any CPU
	EndGlobalSection
	GlobalSection(SolutionProperties) = preSolution
		HideSolutionNode = FALSE
	EndGlobalSection
	GlobalSection(ExtensibilityGlobals) = postSolution
		SolutionGuid = {B4C207D1-2635-4B99-8BDC-7CD9C57C8136}
	EndGlobalSection
EndGlobal
